
Microsoft Visual Studio Solution File, Format Version 12.00
# Visual Studio 2012
Project("{FAE04EC0-301F-11D3-BF4B-00C04F79EFBC}") = "Ecs.ApiClient", "Ecs.ApiClient\Ecs.ApiClient.csproj", "{91EDF259-13CD-4708-B9CD-1BD1E7206CE8}"
EndProject
Project("{FAE04EC0-301F-11D3-BF4B-00C04F79EFBC}") = "Ecs.Api.Commander", "Ecs.Api.Commander\Ecs.Api.Commander.csproj", "{021D9337-F347-48E7-857D-020DCF64B2F3}"
EndProject
Global
	GlobalSection(SolutionConfigurationPlatforms) = preSolution
		Debug|Any CPU = Debug|Any CPU
		Release|Any CPU = Release|Any CPU
	EndGlobalSection
	GlobalSection(ProjectConfigurationPlatforms) = postSolution
		{91EDF259-13CD-4708-B9CD-1BD1E7206CE8}.Debug|Any CPU.ActiveCfg = Debug|Any CPU
		{91EDF259-13CD-4708-B9CD-1BD1E7206CE8}.Debug|Any CPU.Build.0 = Debug|Any CPU
		{91EDF259-13CD-4708-B9CD-1BD1E7206CE8}.Release|Any CPU.ActiveCfg = Release|Any CPU
		{91EDF259-13CD-4708-B9CD-1BD1E7206CE8}.Release|Any CPU.Build.0 = Release|Any CPU
		{021D9337-F347-48E7-857D-020DCF64B2F3}.Debug|Any CPU.ActiveCfg = Debug|Any CPU
		{021D9337-F347-48E7-857D-020DCF64B2F3}.Debug|Any CPU.Build.0 = Debug|Any CPU
		{021D9337-F347-48E7-857D-020DCF64B2F3}.Release|Any CPU.ActiveCfg = Release|Any CPU
		{021D9337-F347-48E7-857D-020DCF64B2F3}.Release|Any CPU.Build.0 = Release|Any CPU
	EndGlobalSection
	GlobalSection(SolutionProperties) = preSolution
		HideSolutionNode = FALSE
	EndGlobalSection
EndGlobal
